
Microsoft Visual Studio Solution File, Format Version 12.00
# Visual Studio Version 17
VisualStudioVersion = 17.5.002.0
MinimumVisualStudioVersion = 10.0.40219.1
Project("{9A19103F-16F7-4668-BE54-9A1E7A4F7556}") = "DesafioPOO", "DesafioPOO.csproj", "{F53E974F-5040-4173-9066-DED48A756753}"
EndProject
Global
	GlobalSection(SolutionConfigurationPlatforms) = preSolution
		Debug|Any CPU = Debug|Any CPU
		Release|Any CPU = Release|Any CPU
	EndGlobalSection
	GlobalSection(ProjectConfigurationPlatforms) = postSolution
		{F53E974F-5040-4173-9066-DED48A756753}.Debug|Any CPU.ActiveCfg = Debug|Any CPU
		{F53E974F-5040-4173-9066-DED48A756753}.Debug|Any CPU.Build.0 = Debug|Any CPU
		{F53E974F-5040-4173-9066-DED48A756753}.Release|Any CPU.ActiveCfg = Release|Any CPU
		{F53E974F-5040-4173-9066-DED48A756753}.Release|Any CPU.Build.0 = Release|Any CPU
	EndGlobalSection
	GlobalSection(SolutionProperties) = preSolution
		HideSolutionNode = FALSE
	EndGlobalSection
	GlobalSection(ExtensibilityGlobals) = postSolution
		SolutionGuid = {E530C79E-32D7-442C-B4F7-F3F9D63775F7}
	EndGlobalSection
EndGlobal
